// !$*UTF8*$!
{
	archiveVersion = 1;
	classes = {
	};
	objectVersion = 47;
	objects = {

/* Begin PBXBuildFile section */
		CF1C2AB71C766F6B009F2892 /* AppDelegate.swift in Sources */ = {isa = PBXBuildFile; fileRef = CF1C2AB61C766F6B009F2892 /* AppDelegate.swift */; };
		CF1C2AB91C766F6B009F2892 /* ViewController.swift in Sources */ = {isa = PBXBuildFile; fileRef = CF1C2AB81C766F6B009F2892 /* ViewController.swift */; };
		CF1C2ABC1C766F6B009F2892 /* Main.storyboard in Resources */ = {isa = PBXBuildFile; fileRef = CF1C2ABA1C766F6B009F2892 /* Main.storyboard */; };
		CF1C2ABE1C766F6B009F2892 /* Assets.xcassets in Resources */ = {isa = PBXBuildFile; fileRef = CF1C2ABD1C766F6B009F2892 /* Assets.xcassets */; };
		CF1C2AC11C766F6B009F2892 /* LaunchScreen.storyboard in Resources */ = {isa = PBXBuildFile; fileRef = CF1C2ABF1C766F6B009F2892 /* LaunchScreen.storyboard */; };
		CF1C2ACC1C766F6B009F2892 /* BLEToolTests.swift in Sources */ = {isa = PBXBuildFile; fileRef = CF1C2ACB1C766F6B009F2892 /* BLEToolTests.swift */; };
		CF3E512D1D131C3A00301C7C /* Vehicle.xcdatamodeld in Sources */ = {isa = PBXBuildFile; fileRef = CF3E512B1D131C3A00301C7C /* Vehicle.xcdatamodeld */; };
		CF69D9761D133A7F006FD908 /* Vehicle+CoreDataProperties.swift in Sources */ = {isa = PBXBuildFile; fileRef = CF69D9741D133A7F006FD908 /* Vehicle+CoreDataProperties.swift */; };
		CF69D9771D133A7F006FD908 /* Vehicle.swift in Sources */ = {isa = PBXBuildFile; fileRef = CF69D9751D133A7F006FD908 /* Vehicle.swift */; };
		CF69D97A1D133B59006FD908 /* DataController.swift in Sources */ = {isa = PBXBuildFile; fileRef = CF69D9791D133B59006FD908 /* DataController.swift */; };
		CF69D97C1D182D41006FD908 /* CustomGarageCell.swift in Sources */ = {isa = PBXBuildFile; fileRef = CF69D97B1D182D41006FD908 /* CustomGarageCell.swift */; };
		CF69D97E1D1871F6006FD908 /* RegisterViewController.swift in Sources */ = {isa = PBXBuildFile; fileRef = CF69D97D1D1871F6006FD908 /* RegisterViewController.swift */; };
		CF69D9801D187333006FD908 /* CustomScanCell.swift in Sources */ = {isa = PBXBuildFile; fileRef = CF69D97F1D187333006FD908 /* CustomScanCell.swift */; };
		CFC8D37B1D10529500D61D73 /* GarageViewController.swift in Sources */ = {isa = PBXBuildFile; fileRef = CFC8D37A1D10529500D61D73 /* GarageViewController.swift */; };
		CFC8D37D1D10A8EE00D61D73 /* ScanViewController.swift in Sources */ = {isa = PBXBuildFile; fileRef = CFC8D37C1D10A8EE00D61D73 /* ScanViewController.swift */; };
		CFE1928C1D6CF3AF00F20C21 /* CustomMessageCell.swift in Sources */ = {isa = PBXBuildFile; fileRef = CFE1928B1D6CF3AF00F20C21 /* CustomMessageCell.swift */; };
		CFFD92631D6F3F940090F633 /* MapViewController.swift in Sources */ = {isa = PBXBuildFile; fileRef = CFFD92621D6F3F940090F633 /* MapViewController.swift */; };
		CFFD92651D6F419C0090F633 /* GoogleMapsBase.framework in Frameworks */ = {isa = PBXBuildFile; fileRef = CFFD92641D6F419C0090F633 /* GoogleMapsBase.framework */; };
		CFFD92681D6F41BD0090F633 /* GoogleMaps.framework in Frameworks */ = {isa = PBXBuildFile; fileRef = CFFD92661D6F41BD0090F633 /* GoogleMaps.framework */; };
		CFFD92691D6F41BD0090F633 /* GoogleMapsCore.framework in Frameworks */ = {isa = PBXBuildFile; fileRef = CFFD92671D6F41BD0090F633 /* GoogleMapsCore.framework */; };
		CFFD926B1D6F43130090F633 /* GoogleMaps.bundle in Resources */ = {isa = PBXBuildFile; fileRef = CFFD926A1D6F43130090F633 /* GoogleMaps.bundle */; };
		CFFD926D1D6F43BD0090F633 /* Accelerate.framework in Frameworks */ = {isa = PBXBuildFile; fileRef = CFFD926C1D6F43BD0090F633 /* Accelerate.framework */; };
		CFFD926F1D6F43CD0090F633 /* CoreData.framework in Frameworks */ = {isa = PBXBuildFile; fileRef = CFFD926E1D6F43CD0090F633 /* CoreData.framework */; };
		CFFD92711D6F43D30090F633 /* CoreGraphics.framework in Frameworks */ = {isa = PBXBuildFile; fileRef = CFFD92701D6F43D30090F633 /* CoreGraphics.framework */; };
		CFFD92731D6F43DD0090F633 /* CoreText.framework in Frameworks */ = {isa = PBXBuildFile; fileRef = CFFD92721D6F43DD0090F633 /* CoreText.framework */; };
		CFFD92751D6F43E30090F633 /* CoreLocation.framework in Frameworks */ = {isa = PBXBuildFile; fileRef = CFFD92741D6F43E30090F633 /* CoreLocation.framework */; };
		CFFD92771D6F43EF0090F633 /* GLKit.framework in Frameworks */ = {isa = PBXBuildFile; fileRef = CFFD92761D6F43EF0090F633 /* GLKit.framework */; };
		CFFD92791D6F43F90090F633 /* ImageIO.framework in Frameworks */ = {isa = PBXBuildFile; fileRef = CFFD92781D6F43F90090F633 /* ImageIO.framework */; };
		CFFD927B1D6F440D0090F633 /* libc++.tbd in Frameworks */ = {isa = PBXBuildFile; fileRef = CFFD927A1D6F440D0090F633 /* libc++.tbd */; };
		CFFD927D1D6F44150090F633 /* libz.tbd in Frameworks */ = {isa = PBXBuildFile; fileRef = CFFD927C1D6F44150090F633 /* libz.tbd */; };
		CFFD927F1D6F44210090F633 /* OpenGLES.framework in Frameworks */ = {isa = PBXBuildFile; fileRef = CFFD927E1D6F44210090F633 /* OpenGLES.framework */; };
		CFFD92811D6F442D0090F633 /* QuartzCore.framework in Frameworks */ = {isa = PBXBuildFile; fileRef = CFFD92801D6F442D0090F633 /* QuartzCore.framework */; };
		CFFD92831D6F44340090F633 /* SystemConfiguration.framework in Frameworks */ = {isa = PBXBuildFile; fileRef = CFFD92821D6F44340090F633 /* SystemConfiguration.framework */; };
		CFFD92851D6F443C0090F633 /* UIKit.framework in Frameworks */ = {isa = PBXBuildFile; fileRef = CFFD92841D6F443C0090F633 /* UIKit.framework */; };
		CFFF4D8F1D80AB8E00A3E303 /* neuropol x rg.ttf in Resources */ = {isa = PBXBuildFile; fileRef = CFFF4D8E1D80AB8E00A3E303 /* neuropol x rg.ttf */; };
/* End PBXBuildFile section */

/* Begin PBXContainerItemProxy section */
		CF1C2AC81C766F6B009F2892 /* PBXContainerItemProxy */ = {
			isa = PBXContainerItemProxy;
			containerPortal = CF1C2AAB1C766F6B009F2892 /* Project object */;
			proxyType = 1;
			remoteGlobalIDString = CF1C2AB21C766F6B009F2892;
			remoteInfo = BLETool;
		};
/* End PBXContainerItemProxy section */

/* Begin PBXFileReference section */
		CF1C2AB31C766F6B009F2892 /* BLETool.app */ = {isa = PBXFileReference; explicitFileType = wrapper.application; includeInIndex = 0; path = BLETool.app; sourceTree = BUILT_PRODUCTS_DIR; };
		CF1C2AB61C766F6B009F2892 /* AppDelegate.swift */ = {isa = PBXFileReference; lastKnownFileType = sourcecode.swift; path = AppDelegate.swift; sourceTree = "<group>"; };
		CF1C2AB81C766F6B009F2892 /* ViewController.swift */ = {isa = PBXFileReference; lastKnownFileType = sourcecode.swift; path = ViewController.swift; sourceTree = "<group>"; };
		CF1C2ABB1C766F6B009F2892 /* Base */ = {isa = PBXFileReference; lastKnownFileType = file.storyboard; name = Base; path = Base.lproj/Main.storyboard; sourceTree = "<group>"; };
		CF1C2ABD1C766F6B009F2892 /* Assets.xcassets */ = {isa = PBXFileReference; lastKnownFileType = folder.assetcatalog; path = Assets.xcassets; sourceTree = "<group>"; };
		CF1C2AC01C766F6B009F2892 /* Base */ = {isa = PBXFileReference; lastKnownFileType = file.storyboard; name = Base; path = Base.lproj/LaunchScreen.storyboard; sourceTree = "<group>"; };
		CF1C2AC21C766F6B009F2892 /* Info.plist */ = {isa = PBXFileReference; lastKnownFileType = text.plist.xml; path = Info.plist; sourceTree = "<group>"; };
		CF1C2AC71C766F6B009F2892 /* BLEToolTests.xctest */ = {isa = PBXFileReference; explicitFileType = wrapper.cfbundle; includeInIndex = 0; path = BLEToolTests.xctest; sourceTree = BUILT_PRODUCTS_DIR; };
		CF1C2ACB1C766F6B009F2892 /* BLEToolTests.swift */ = {isa = PBXFileReference; lastKnownFileType = sourcecode.swift; path = BLEToolTests.swift; sourceTree = "<group>"; };
		CF1C2ACD1C766F6B009F2892 /* Info.plist */ = {isa = PBXFileReference; lastKnownFileType = text.plist.xml; path = Info.plist; sourceTree = "<group>"; };
		CF3E512C1D131C3A00301C7C /* Vehicle.xcdatamodel */ = {isa = PBXFileReference; lastKnownFileType = wrapper.xcdatamodel; path = Vehicle.xcdatamodel; sourceTree = "<group>"; };
		CF69D9741D133A7F006FD908 /* Vehicle+CoreDataProperties.swift */ = {isa = PBXFileReference; fileEncoding = 4; lastKnownFileType = sourcecode.swift; name = "Vehicle+CoreDataProperties.swift"; path = "../Vehicle+CoreDataProperties.swift"; sourceTree = "<group>"; };
		CF69D9751D133A7F006FD908 /* Vehicle.swift */ = {isa = PBXFileReference; fileEncoding = 4; lastKnownFileType = sourcecode.swift; name = Vehicle.swift; path = ../Vehicle.swift; sourceTree = "<group>"; };
		CF69D9791D133B59006FD908 /* DataController.swift */ = {isa = PBXFileReference; fileEncoding = 4; lastKnownFileType = sourcecode.swift; path = DataController.swift; sourceTree = "<group>"; };
		CF69D97B1D182D41006FD908 /* CustomGarageCell.swift */ = {isa = PBXFileReference; fileEncoding = 4; lastKnownFileType = sourcecode.swift; path = CustomGarageCell.swift; sourceTree = "<group>"; };
		CF69D97D1D1871F6006FD908 /* RegisterViewController.swift */ = {isa = PBXFileReference; fileEncoding = 4; lastKnownFileType = sourcecode.swift; path = RegisterViewController.swift; sourceTree = "<group>"; };
		CF69D97F1D187333006FD908 /* CustomScanCell.swift */ = {isa = PBXFileReference; fileEncoding = 4; lastKnownFileType = sourcecode.swift; path = CustomScanCell.swift; sourceTree = "<group>"; };
		CFC8D37A1D10529500D61D73 /* GarageViewController.swift */ = {isa = PBXFileReference; fileEncoding = 4; lastKnownFileType = sourcecode.swift; path = GarageViewController.swift; sourceTree = "<group>"; };
		CFC8D37C1D10A8EE00D61D73 /* ScanViewController.swift */ = {isa = PBXFileReference; fileEncoding = 4; lastKnownFileType = sourcecode.swift; path = ScanViewController.swift; sourceTree = "<group>"; };
		CFE1928B1D6CF3AF00F20C21 /* CustomMessageCell.swift */ = {isa = PBXFileReference; fileEncoding = 4; lastKnownFileType = sourcecode.swift; path = CustomMessageCell.swift; sourceTree = "<group>"; };
		CFFD92621D6F3F940090F633 /* MapViewController.swift */ = {isa = PBXFileReference; fileEncoding = 4; lastKnownFileType = sourcecode.swift; path = MapViewController.swift; sourceTree = "<group>"; };
		CFFD92641D6F419C0090F633 /* GoogleMapsBase.framework */ = {isa = PBXFileReference; lastKnownFileType = wrapper.framework; path = GoogleMapsBase.framework; sourceTree = "<group>"; };
		CFFD92661D6F41BD0090F633 /* GoogleMaps.framework */ = {isa = PBXFileReference; lastKnownFileType = wrapper.framework; path = GoogleMaps.framework; sourceTree = "<group>"; };
		CFFD92671D6F41BD0090F633 /* GoogleMapsCore.framework */ = {isa = PBXFileReference; lastKnownFileType = wrapper.framework; path = GoogleMapsCore.framework; sourceTree = "<group>"; };
		CFFD926A1D6F43130090F633 /* GoogleMaps.bundle */ = {isa = PBXFileReference; lastKnownFileType = "wrapper.plug-in"; name = GoogleMaps.bundle; path = GoogleMaps.framework/Versions/A/Resources/GoogleMaps.bundle; sourceTree = "<group>"; };
		CFFD926C1D6F43BD0090F633 /* Accelerate.framework */ = {isa = PBXFileReference; lastKnownFileType = wrapper.framework; name = Accelerate.framework; path = System/Library/Frameworks/Accelerate.framework; sourceTree = SDKROOT; };
		CFFD926E1D6F43CD0090F633 /* CoreData.framework */ = {isa = PBXFileReference; lastKnownFileType = wrapper.framework; name = CoreData.framework; path = System/Library/Frameworks/CoreData.framework; sourceTree = SDKROOT; };
		CFFD92701D6F43D30090F633 /* CoreGraphics.framework */ = {isa = PBXFileReference; lastKnownFileType = wrapper.framework; name = CoreGraphics.framework; path = System/Library/Frameworks/CoreGraphics.framework; sourceTree = SDKROOT; };
		CFFD92721D6F43DD0090F633 /* CoreText.framework */ = {isa = PBXFileReference; lastKnownFileType = wrapper.framework; name = CoreText.framework; path = System/Library/Frameworks/CoreText.framework; sourceTree = SDKROOT; };
		CFFD92741D6F43E30090F633 /* CoreLocation.framework */ = {isa = PBXFileReference; lastKnownFileType = wrapper.framework; name = CoreLocation.framework; path = System/Library/Frameworks/CoreLocation.framework; sourceTree = SDKROOT; };
		CFFD92761D6F43EF0090F633 /* GLKit.framework */ = {isa = PBXFileReference; lastKnownFileType = wrapper.framework; name = GLKit.framework; path = System/Library/Frameworks/GLKit.framework; sourceTree = SDKROOT; };
		CFFD92781D6F43F90090F633 /* ImageIO.framework */ = {isa = PBXFileReference; lastKnownFileType = wrapper.framework; name = ImageIO.framework; path = System/Library/Frameworks/ImageIO.framework; sourceTree = SDKROOT; };
		CFFD927A1D6F440D0090F633 /* libc++.tbd */ = {isa = PBXFileReference; lastKnownFileType = "sourcecode.text-based-dylib-definition"; name = "libc++.tbd"; path = "usr/lib/libc++.tbd"; sourceTree = SDKROOT; };
		CFFD927C1D6F44150090F633 /* libz.tbd */ = {isa = PBXFileReference; lastKnownFileType = "sourcecode.text-based-dylib-definition"; name = libz.tbd; path = usr/lib/libz.tbd; sourceTree = SDKROOT; };
		CFFD927E1D6F44210090F633 /* OpenGLES.framework */ = {isa = PBXFileReference; lastKnownFileType = wrapper.framework; name = OpenGLES.framework; path = System/Library/Frameworks/OpenGLES.framework; sourceTree = SDKROOT; };
		CFFD92801D6F442D0090F633 /* QuartzCore.framework */ = {isa = PBXFileReference; lastKnownFileType = wrapper.framework; name = QuartzCore.framework; path = System/Library/Frameworks/QuartzCore.framework; sourceTree = SDKROOT; };
		CFFD92821D6F44340090F633 /* SystemConfiguration.framework */ = {isa = PBXFileReference; lastKnownFileType = wrapper.framework; name = SystemConfiguration.framework; path = System/Library/Frameworks/SystemConfiguration.framework; sourceTree = SDKROOT; };
		CFFD92841D6F443C0090F633 /* UIKit.framework */ = {isa = PBXFileReference; lastKnownFileType = wrapper.framework; name = UIKit.framework; path = System/Library/Frameworks/UIKit.framework; sourceTree = SDKROOT; };
		CFFF4D8E1D80AB8E00A3E303 /* neuropol x rg.ttf */ = {isa = PBXFileReference; lastKnownFileType = file; path = "neuropol x rg.ttf"; sourceTree = "<group>"; };
/* End PBXFileReference section */

/* Begin PBXFrameworksBuildPhase section */
		CF1C2AB01C766F6B009F2892 /* Frameworks */ = {
			isa = PBXFrameworksBuildPhase;
			buildActionMask = 2147483647;
			files = (
				CFFD92851D6F443C0090F633 /* UIKit.framework in Frameworks */,
				CFFD92831D6F44340090F633 /* SystemConfiguration.framework in Frameworks */,
				CFFD92811D6F442D0090F633 /* QuartzCore.framework in Frameworks */,
				CFFD927F1D6F44210090F633 /* OpenGLES.framework in Frameworks */,
				CFFD927D1D6F44150090F633 /* libz.tbd in Frameworks */,
				CFFD927B1D6F440D0090F633 /* libc++.tbd in Frameworks */,
				CFFD92791D6F43F90090F633 /* ImageIO.framework in Frameworks */,
				CFFD92771D6F43EF0090F633 /* GLKit.framework in Frameworks */,
				CFFD92751D6F43E30090F633 /* CoreLocation.framework in Frameworks */,
				CFFD92731D6F43DD0090F633 /* CoreText.framework in Frameworks */,
				CFFD92711D6F43D30090F633 /* CoreGraphics.framework in Frameworks */,
				CFFD926F1D6F43CD0090F633 /* CoreData.framework in Frameworks */,
				CFFD926D1D6F43BD0090F633 /* Accelerate.framework in Frameworks */,
				CFFD92681D6F41BD0090F633 /* GoogleMaps.framework in Frameworks */,
				CFFD92691D6F41BD0090F633 /* GoogleMapsCore.framework in Frameworks */,
				CFFD92651D6F419C0090F633 /* GoogleMapsBase.framework in Frameworks */,
			);
			runOnlyForDeploymentPostprocessing = 0;
		};
		CF1C2AC41C766F6B009F2892 /* Frameworks */ = {
			isa = PBXFrameworksBuildPhase;
			buildActionMask = 2147483647;
			files = (
			);
			runOnlyForDeploymentPostprocessing = 0;
		};
/* End PBXFrameworksBuildPhase section */

/* Begin PBXGroup section */
		CF1C2AAA1C766F6B009F2892 = {
			isa = PBXGroup;
			children = (
				CFFF4D8E1D80AB8E00A3E303 /* neuropol x rg.ttf */,
				CFFD92841D6F443C0090F633 /* UIKit.framework */,
				CFFD92821D6F44340090F633 /* SystemConfiguration.framework */,
				CFFD92801D6F442D0090F633 /* QuartzCore.framework */,
				CFFD927E1D6F44210090F633 /* OpenGLES.framework */,
				CFFD927C1D6F44150090F633 /* libz.tbd */,
				CFFD927A1D6F440D0090F633 /* libc++.tbd */,
				CFFD92781D6F43F90090F633 /* ImageIO.framework */,
				CFFD92761D6F43EF0090F633 /* GLKit.framework */,
				CFFD92741D6F43E30090F633 /* CoreLocation.framework */,
				CFFD92721D6F43DD0090F633 /* CoreText.framework */,
				CFFD92701D6F43D30090F633 /* CoreGraphics.framework */,
				CFFD926E1D6F43CD0090F633 /* CoreData.framework */,
				CFFD926C1D6F43BD0090F633 /* Accelerate.framework */,
				CF1C2AB51C766F6B009F2892 /* BLETool */,
				CF1C2ACA1C766F6B009F2892 /* BLEToolTests */,
				CF1C2AB41C766F6B009F2892 /* Products */,
			);
			sourceTree = "<group>";
			usesTabs = 0;
		};
		CF1C2AB41C766F6B009F2892 /* Products */ = {
			isa = PBXGroup;
			children = (
				CF1C2AB31C766F6B009F2892 /* BLETool.app */,
				CF1C2AC71C766F6B009F2892 /* BLEToolTests.xctest */,
			);
			name = Products;
			sourceTree = "<group>";
		};
		CF1C2AB51C766F6B009F2892 /* BLETool */ = {
			isa = PBXGroup;
			children = (
				CF69D9781D133B31006FD908 /* CoreData */,
				CF1C2AB61C766F6B009F2892 /* AppDelegate.swift */,
				CF1C2AB81C766F6B009F2892 /* ViewController.swift */,
				CF69D97D1D1871F6006FD908 /* RegisterViewController.swift */,
				CFC8D37A1D10529500D61D73 /* GarageViewController.swift */,
				CFFD92621D6F3F940090F633 /* MapViewController.swift */,
				CF69D97B1D182D41006FD908 /* CustomGarageCell.swift */,
				CF69D97F1D187333006FD908 /* CustomScanCell.swift */,
				CFE1928B1D6CF3AF00F20C21 /* CustomMessageCell.swift */,
				CFC8D37C1D10A8EE00D61D73 /* ScanViewController.swift */,
				CF1C2ABA1C766F6B009F2892 /* Main.storyboard */,
				CF1C2ABD1C766F6B009F2892 /* Assets.xcassets */,
				CF1C2ABF1C766F6B009F2892 /* LaunchScreen.storyboard */,
				CF1C2AC21C766F6B009F2892 /* Info.plist */,
				CFFD926A1D6F43130090F633 /* GoogleMaps.bundle */,
				CFFD92661D6F41BD0090F633 /* GoogleMaps.framework */,
				CFFD92671D6F41BD0090F633 /* GoogleMapsCore.framework */,
				CFFD92641D6F419C0090F633 /* GoogleMapsBase.framework */,
			);
			path = BLETool;
			sourceTree = "<group>";
		};
		CF1C2ACA1C766F6B009F2892 /* BLEToolTests */ = {
			isa = PBXGroup;
			children = (
				CF1C2ACB1C766F6B009F2892 /* BLEToolTests.swift */,
				CF1C2ACD1C766F6B009F2892 /* Info.plist */,
			);
			path = BLEToolTests;
			sourceTree = "<group>";
		};
		CF69D9781D133B31006FD908 /* CoreData */ = {
			isa = PBXGroup;
			children = (
				CF3E512B1D131C3A00301C7C /* Vehicle.xcdatamodeld */,
				CF69D9741D133A7F006FD908 /* Vehicle+CoreDataProperties.swift */,
				CF69D9751D133A7F006FD908 /* Vehicle.swift */,
				CF69D9791D133B59006FD908 /* DataController.swift */,
			);
			name = CoreData;
			sourceTree = "<group>";
		};
/* End PBXGroup section */

/* Begin PBXNativeTarget section */
		CF1C2AB21C766F6B009F2892 /* BLETool */ = {
			isa = PBXNativeTarget;
			buildConfigurationList = CF1C2AD01C766F6B009F2892 /* Build configuration list for PBXNativeTarget "BLETool" */;
			buildPhases = (
				CF1C2AAF1C766F6B009F2892 /* Sources */,
				CF1C2AB01C766F6B009F2892 /* Frameworks */,
				CF1C2AB11C766F6B009F2892 /* Resources */,
			);
			buildRules = (
			);
			dependencies = (
			);
			name = BLETool;
			productName = BLETool;
			productReference = CF1C2AB31C766F6B009F2892 /* BLETool.app */;
			productType = "com.apple.product-type.application";
		};
		CF1C2AC61C766F6B009F2892 /* BLEToolTests */ = {
			isa = PBXNativeTarget;
			buildConfigurationList = CF1C2AD31C766F6B009F2892 /* Build configuration list for PBXNativeTarget "BLEToolTests" */;
			buildPhases = (
				CF1C2AC31C766F6B009F2892 /* Sources */,
				CF1C2AC41C766F6B009F2892 /* Frameworks */,
				CF1C2AC51C766F6B009F2892 /* Resources */,
			);
			buildRules = (
			);
			dependencies = (
				CF1C2AC91C766F6B009F2892 /* PBXTargetDependency */,
			);
			name = BLEToolTests;
			productName = BLEToolTests;
			productReference = CF1C2AC71C766F6B009F2892 /* BLEToolTests.xctest */;
			productType = "com.apple.product-type.bundle.unit-test";
		};
/* End PBXNativeTarget section */

/* Begin PBXProject section */
		CF1C2AAB1C766F6B009F2892 /* Project object */ = {
			isa = PBXProject;
			attributes = {
				KnownAssetTags = (
					neuropo,
				);
				LastSwiftUpdateCheck = 0720;
				LastUpgradeCheck = 0730;
				ORGANIZATIONNAME = fortin;
				TargetAttributes = {
					CF1C2AB21C766F6B009F2892 = {
						CreatedOnToolsVersion = 7.2.1;
						DevelopmentTeam = 843JPG6XRD;
					};
					CF1C2AC61C766F6B009F2892 = {
						CreatedOnToolsVersion = 7.2.1;
						DevelopmentTeam = 9WTEHENT7V;
						TestTargetID = CF1C2AB21C766F6B009F2892;
					};
				};
			};
			buildConfigurationList = CF1C2AAE1C766F6B009F2892 /* Build configuration list for PBXProject "BLETool" */;
			compatibilityVersion = "Xcode 6.3";
			developmentRegion = English;
			hasScannedForEncodings = 0;
			knownRegions = (
				en,
				Base,
			);
			mainGroup = CF1C2AAA1C766F6B009F2892;
			productRefGroup = CF1C2AB41C766F6B009F2892 /* Products */;
			projectDirPath = "";
			projectRoot = "";
			targets = (
				CF1C2AB21C766F6B009F2892 /* BLETool */,
				CF1C2AC61C766F6B009F2892 /* BLEToolTests */,
			);
		};
/* End PBXProject section */

/* Begin PBXResourcesBuildPhase section */
		CF1C2AB11C766F6B009F2892 /* Resources */ = {
			isa = PBXResourcesBuildPhase;
			buildActionMask = 2147483647;
			files = (
				CF1C2AC11C766F6B009F2892 /* LaunchScreen.storyboard in Resources */,
				CF1C2ABE1C766F6B009F2892 /* Assets.xcassets in Resources */,
				CF1C2ABC1C766F6B009F2892 /* Main.storyboard in Resources */,
				CFFF4D8F1D80AB8E00A3E303 /* neuropol x rg.ttf in Resources */,
				CFFD926B1D6F43130090F633 /* GoogleMaps.bundle in Resources */,
			);
			runOnlyForDeploymentPostprocessing = 0;
		};
		CF1C2AC51C766F6B009F2892 /* Resources */ = {
			isa = PBXResourcesBuildPhase;
			buildActionMask = 2147483647;
			files = (
			);
			runOnlyForDeploymentPostprocessing = 0;
		};
/* End PBXResourcesBuildPhase section */

/* Begin PBXSourcesBuildPhase section */
		CF1C2AAF1C766F6B009F2892 /* Sources */ = {
			isa = PBXSourcesBuildPhase;
			buildActionMask = 2147483647;
			files = (
				CF1C2AB91C766F6B009F2892 /* ViewController.swift in Sources */,
				CF69D97E1D1871F6006FD908 /* RegisterViewController.swift in Sources */,
				CFC8D37B1D10529500D61D73 /* GarageViewController.swift in Sources */,
				CF69D9761D133A7F006FD908 /* Vehicle+CoreDataProperties.swift in Sources */,
				CF1C2AB71C766F6B009F2892 /* AppDelegate.swift in Sources */,
				CF69D97C1D182D41006FD908 /* CustomGarageCell.swift in Sources */,
				CFFD92631D6F3F940090F633 /* MapViewController.swift in Sources */,
				CFE1928C1D6CF3AF00F20C21 /* CustomMessageCell.swift in Sources */,
				CF69D9771D133A7F006FD908 /* Vehicle.swift in Sources */,
				CF69D97A1D133B59006FD908 /* DataController.swift in Sources */,
				CF69D9801D187333006FD908 /* CustomScanCell.swift in Sources */,
				CF3E512D1D131C3A00301C7C /* Vehicle.xcdatamodeld in Sources */,
				CFC8D37D1D10A8EE00D61D73 /* ScanViewController.swift in Sources */,
			);
			runOnlyForDeploymentPostprocessing = 0;
		};
		CF1C2AC31C766F6B009F2892 /* Sources */ = {
			isa = PBXSourcesBuildPhase;
			buildActionMask = 2147483647;
			files = (
				CF1C2ACC1C766F6B009F2892 /* BLEToolTests.swift in Sources */,
			);
			runOnlyForDeploymentPostprocessing = 0;
		};
/* End PBXSourcesBuildPhase section */

/* Begin PBXTargetDependency section */
		CF1C2AC91C766F6B009F2892 /* PBXTargetDependency */ = {
			isa = PBXTargetDependency;
			target = CF1C2AB21C766F6B009F2892 /* BLETool */;
			targetProxy = CF1C2AC81C766F6B009F2892 /* PBXContainerItemProxy */;
		};
/* End PBXTargetDependency section */

/* Begin PBXVariantGroup section */
		CF1C2ABA1C766F6B009F2892 /* Main.storyboard */ = {
			isa = PBXVariantGroup;
			children = (
				CF1C2ABB1C766F6B009F2892 /* Base */,
			);
			name = Main.storyboard;
			sourceTree = "<group>";
		};
		CF1C2ABF1C766F6B009F2892 /* LaunchScreen.storyboard */ = {
			isa = PBXVariantGroup;
			children = (
				CF1C2AC01C766F6B009F2892 /* Base */,
			);
			name = LaunchScreen.storyboard;
			sourceTree = "<group>";
		};
/* End PBXVariantGroup section */

/* Begin XCBuildConfiguration section */
		CF1C2ACE1C766F6B009F2892 /* Debug */ = {
			isa = XCBuildConfiguration;
			buildSettings = {
				ALWAYS_SEARCH_USER_PATHS = NO;
				CLANG_CXX_LANGUAGE_STANDARD = "gnu++0x";
				CLANG_CXX_LIBRARY = "libc++";
				CLANG_ENABLE_MODULES = YES;
				CLANG_ENABLE_OBJC_ARC = YES;
				CLANG_WARN_BOOL_CONVERSION = YES;
				CLANG_WARN_CONSTANT_CONVERSION = YES;
				CLANG_WARN_DIRECT_OBJC_ISA_USAGE = YES_ERROR;
				CLANG_WARN_EMPTY_BODY = YES;
				CLANG_WARN_ENUM_CONVERSION = YES;
				CLANG_WARN_INT_CONVERSION = YES;
				CLANG_WARN_OBJC_ROOT_CLASS = YES_ERROR;
				CLANG_WARN_UNREACHABLE_CODE = YES;
				CLANG_WARN__DUPLICATE_METHOD_MATCH = YES;
				"CODE_SIGN_IDENTITY[sdk=iphoneos*]" = "iPhone Developer";
				COPY_PHASE_STRIP = NO;
				DEBUG_INFORMATION_FORMAT = dwarf;
				ENABLE_STRICT_OBJC_MSGSEND = YES;
				ENABLE_TESTABILITY = YES;
				GCC_C_LANGUAGE_STANDARD = gnu99;
				GCC_DYNAMIC_NO_PIC = NO;
				GCC_NO_COMMON_BLOCKS = YES;
				GCC_OPTIMIZATION_LEVEL = 0;
				GCC_PREPROCESSOR_DEFINITIONS = (
					"DEBUG=1",
					"$(inherited)",
				);
				GCC_WARN_64_TO_32_BIT_CONVERSION = YES;
				GCC_WARN_ABOUT_RETURN_TYPE = YES_ERROR;
				GCC_WARN_UNDECLARED_SELECTOR = YES;
				GCC_WARN_UNINITIALIZED_AUTOS = YES_AGGRESSIVE;
				GCC_WARN_UNUSED_FUNCTION = YES;
				GCC_WARN_UNUSED_VARIABLE = YES;
				IPHONEOS_DEPLOYMENT_TARGET = 9.3;
				MTL_ENABLE_DEBUG_INFO = YES;
				ONLY_ACTIVE_ARCH = YES;
				"OTHER_LDFLAGS[arch=*]" = "-ObjC";
				SDKROOT = iphoneos;
				SWIFT_OPTIMIZATION_LEVEL = "-Onone";
			};
			name = Debug;
		};
		CF1C2ACF1C766F6B009F2892 /* Release */ = {
			isa = XCBuildConfiguration;
			buildSettings = {
				ALWAYS_SEARCH_USER_PATHS = NO;
				CLANG_CXX_LANGUAGE_STANDARD = "gnu++0x";
				CLANG_CXX_LIBRARY = "libc++";
				CLANG_ENABLE_MODULES = YES;
				CLANG_ENABLE_OBJC_ARC = YES;
				CLANG_WARN_BOOL_CONVERSION = YES;
				CLANG_WARN_CONSTANT_CONVERSION = YES;
				CLANG_WARN_DIRECT_OBJC_ISA_USAGE = YES_ERROR;
				CLANG_WARN_EMPTY_BODY = YES;
				CLANG_WARN_ENUM_CONVERSION = YES;
				CLANG_WARN_INT_CONVERSION = YES;
				CLANG_WARN_OBJC_ROOT_CLASS = YES_ERROR;
				CLANG_WARN_UNREACHABLE_CODE = YES;
				CLANG_WARN__DUPLICATE_METHOD_MATCH = YES;
				"CODE_SIGN_IDENTITY[sdk=iphoneos*]" = "iPhone Developer";
				COPY_PHASE_STRIP = NO;
				DEBUG_INFORMATION_FORMAT = "dwarf-with-dsym";
				ENABLE_NS_ASSERTIONS = NO;
				ENABLE_STRICT_OBJC_MSGSEND = YES;
				GCC_C_LANGUAGE_STANDARD = gnu99;
				GCC_NO_COMMON_BLOCKS = YES;
				GCC_WARN_64_TO_32_BIT_CONVERSION = YES;
				GCC_WARN_ABOUT_RETURN_TYPE = YES_ERROR;
				GCC_WARN_UNDECLARED_SELECTOR = YES;
				GCC_WARN_UNINITIALIZED_AUTOS = YES_AGGRESSIVE;
				GCC_WARN_UNUSED_FUNCTION = YES;
				GCC_WARN_UNUSED_VARIABLE = YES;
				IPHONEOS_DEPLOYMENT_TARGET = 9.3;
				MTL_ENABLE_DEBUG_INFO = NO;
				"OTHER_LDFLAGS[arch=*]" = "-ObjC";
				SDKROOT = iphoneos;
				VALIDATE_PRODUCT = YES;
			};
			name = Release;
		};
		CF1C2AD11C766F6B009F2892 /* Debug */ = {
			isa = XCBuildConfiguration;
			buildSettings = {
				ASSETCATALOG_COMPILER_APPICON_NAME = AppIcon;
				CODE_SIGN_IDENTITY = "iPhone Developer";
				FRAMEWORK_SEARCH_PATHS = (
					"$(inherited)",
					"$(PROJECT_DIR)/BLETool",
				);
				INFOPLIST_FILE = BLETool/Info.plist;
				IPHONEOS_DEPLOYMENT_TARGET = 9.0;
				LD_RUNPATH_SEARCH_PATHS = "$(inherited) @executable_path/Frameworks";
				PRODUCT_BUNDLE_IDENTIFIER = fortin.xiaotu.BLETool;
				PRODUCT_NAME = "$(TARGET_NAME)";
				SDKROOT = iphoneos9.3;
				TARGETED_DEVICE_FAMILY = 1;
			};
			name = Debug;
		};
		CF1C2AD21C766F6B009F2892 /* Release */ = {
			isa = XCBuildConfiguration;
			buildSettings = {
				ASSETCATALOG_COMPILER_APPICON_NAME = AppIcon;
				CODE_SIGN_IDENTITY = "iPhone Developer";
				"CODE_SIGN_IDENTITY[sdk=*]" = "iPhone Developer: Xiaotu Zhang (547Q3WBSLG)";
				FRAMEWORK_SEARCH_PATHS = (
					"$(inherited)",
					"$(PROJECT_DIR)/BLETool",
				);
				INFOPLIST_FILE = BLETool/Info.plist;
				IPHONEOS_DEPLOYMENT_TARGET = 9.0;
				LD_RUNPATH_SEARCH_PATHS = "$(inherited) @executable_path/Frameworks";
				PRODUCT_BUNDLE_IDENTIFIER = fortin.xiaotu.BLETool;
				PRODUCT_NAME = "$(TARGET_NAME)";
				SDKROOT = iphoneos9.3;
				TARGETED_DEVICE_FAMILY = 1;
			};
			name = Release;
		};
		CF1C2AD41C766F6B009F2892 /* Debug */ = {
			isa = XCBuildConfiguration;
			buildSettings = {
				BUNDLE_LOADER = "$(TEST_HOST)";
				INFOPLIST_FILE = BLEToolTests/Info.plist;
				LD_RUNPATH_SEARCH_PATHS = "$(inherited) @executable_path/Frameworks @loader_path/Frameworks";
				PRODUCT_BUNDLE_IDENTIFIER = fortin.xiaotu.BLEToolTests;
				PRODUCT_NAME = "$(TARGET_NAME)";
				TEST_HOST = "$(BUILT_PRODUCTS_DIR)/BLETool.app/BLETool";
			};
			name = Debug;
		};
		CF1C2AD51C766F6B009F2892 /* Release */ = {
			isa = XCBuildConfiguration;
			buildSettings = {
				BUNDLE_LOADER = "$(TEST_HOST)";
				INFOPLIST_FILE = BLEToolTests/Info.plist;
				LD_RUNPATH_SEARCH_PATHS = "$(inherited) @executable_path/Frameworks @loader_path/Frameworks";
				PRODUCT_BUNDLE_IDENTIFIER = fortin.xiaotu.BLEToolTests;
				PRODUCT_NAME = "$(TARGET_NAME)";
				TEST_HOST = "$(BUILT_PRODUCTS_DIR)/BLETool.app/BLETool";
			};
			name = Release;
		};
/* End XCBuildConfiguration section */

/* Begin XCConfigurationList section */
		CF1C2AAE1C766F6B009F2892 /* Build configuration list for PBXProject "BLETool" */ = {
			isa = XCConfigurationList;
			buildConfigurations = (
				CF1C2ACE1C766F6B009F2892 /* Debug */,
				CF1C2ACF1C766F6B009F2892 /* Release */,
			);
			defaultConfigurationIsVisible = 0;
			defaultConfigurationName = Release;
		};
		CF1C2AD01C766F6B009F2892 /* Build configuration list for PBXNativeTarget "BLETool" */ = {
			isa = XCConfigurationList;
			buildConfigurations = (
				CF1C2AD11C766F6B009F2892 /* Debug */,
				CF1C2AD21C766F6B009F2892 /* Release */,
			);
			defaultConfigurationIsVisible = 0;
			defaultConfigurationName = Release;
		};
		CF1C2AD31C766F6B009F2892 /* Build configuration list for PBXNativeTarget "BLEToolTests" */ = {
			isa = XCConfigurationList;
			buildConfigurations = (
				CF1C2AD41C766F6B009F2892 /* Debug */,
				CF1C2AD51C766F6B009F2892 /* Release */,
			);
			defaultConfigurationIsVisible = 0;
			defaultConfigurationName = Release;
		};
/* End XCConfigurationList section */

/* Begin XCVersionGroup section */
		CF3E512B1D131C3A00301C7C /* Vehicle.xcdatamodeld */ = {
			isa = XCVersionGroup;
			children = (
				CF3E512C1D131C3A00301C7C /* Vehicle.xcdatamodel */,
			);
			currentVersion = CF3E512C1D131C3A00301C7C /* Vehicle.xcdatamodel */;
			path = Vehicle.xcdatamodeld;
			sourceTree = "<group>";
			versionGroupType = wrapper.xcdatamodel;
		};
/* End XCVersionGroup section */
	};
	rootObject = CF1C2AAB1C766F6B009F2892 /* Project object */;
}
